
Microsoft Visual Studio Solution File, Format Version 12.00
# Visual Studio Version 16
VisualStudioVersion = 16.0.30621.155
MinimumVisualStudioVersion = 10.0.40219.1
Project("{FAE04EC0-301F-11D3-BF4B-00C04F79EFBC}") = "HitCard", "HitCard\HitCard.csproj", "{0C2C83BD-32D5-4413-88AB-16EC0F1CB09C}"
EndProject
Global
	GlobalSection(SolutionConfigurationPlatforms) = preSolution
		Debug|Any CPU = Debug|Any CPU
		Release|Any CPU = Release|Any CPU
	EndGlobalSection
	GlobalSection(ProjectConfigurationPlatforms) = postSolution
		{0C2C83BD-32D5-4413-88AB-16EC0F1CB09C}.Debug|Any CPU.ActiveCfg = Debug|Any CPU
		{0C2C83BD-32D5-4413-88AB-16EC0F1CB09C}.Debug|Any CPU.Build.0 = Debug|Any CPU
		{0C2C83BD-32D5-4413-88AB-16EC0F1CB09C}.Release|Any CPU.ActiveCfg = Release|Any CPU
		{0C2C83BD-32D5-4413-88AB-16EC0F1CB09C}.Release|Any CPU.Build.0 = Release|Any CPU
	EndGlobalSection
	GlobalSection(SolutionProperties) = preSolution
		HideSolutionNode = FALSE
	EndGlobalSection
	GlobalSection(ExtensibilityGlobals) = postSolution
		SolutionGuid = {A9ECB211-1556-4F25-B1F6-A1497501BC3C}
	EndGlobalSection
EndGlobal
